{
  "name": "f2-error",
  "version": "1.0.0",
  "lockfileVersion": 1,
  "requires": true,
  "dependencies": {
    "@antv/adjust": {
      "version": "0.2.5",
      "resolved": "https://registry.npmmirror.com/@antv/adjust/-/adjust-0.2.5.tgz",
      "integrity": "sha512-MfWZOkD9CqXRES6MBGRNe27Q577a72EIwyMnE29wIlPliFvJfWwsrONddpGU7lilMpVKecS3WAzOoip3RfPTRQ==",
      "requires": {
        "@antv/util": "~2.0.0",
        "tslib": "^1.10.0"
      }
    },
    "@antv/event-emitter": {
      "version": "0.1.3",
      "resolved": "https://registry.npmmirror.com/@antv/event-emitter/-/event-emitter-0.1.3.tgz",
      "integrity": "sha512-4ddpsiHN9Pd4UIlWuKVK1C4IiZIdbwQvy9i7DUSI3xNJ89FPUFt8lxDYj8GzzfdllV0NkJTRxnG+FvLk0llidg=="
    },
    "@antv/f2": {
      "version": "4.0.46",
      "resolved": "https://registry.npmmirror.com/@antv/f2/-/f2-4.0.46.tgz",
      "integrity": "sha512-oq0cz8nKcRL9F8N02n1NB7HqB1DPbrmnKuE6byoc8gGB3NMqdhyYfhwhfrDcd0AE5g33MNVer6FKNiN384Mnpg==",
      "requires": {
        "@antv/adjust": "~0.2.5",
        "@antv/event-emitter": "^0.1.2",
        "@antv/f2-graphic": "^0.0.15",
        "@antv/scale": "~0.3.3",
        "@antv/util": "~2.0.6",
        "@babel/runtime": "^7.12.5",
        "d3-cloud": "~1.2.5"
      }
    },
    "@antv/f2-graphic": {
      "version": "0.0.15",
      "resolved": "https://registry.npmmirror.com/@antv/f2-graphic/-/f2-graphic-0.0.15.tgz",
      "integrity": "sha512-Ql/e+a8Jzr0KiUpkaCZBQyJY2/lFmc/pDQzAROQmOC5H09UsGnWj9Y/vhcsJaUbJlSRMaV5ELcbzmq62HDtCkg==",
      "requires": {
        "@antv/util": "~2.0.6",
        "@babel/runtime": "^7.12.5"
      }
    },
    "@antv/f2-wx": {
      "version": "4.0.46",
      "resolved": "https://registry.npmmirror.com/@antv/f2-wx/-/f2-wx-4.0.46.tgz",
      "integrity": "sha512-7bcEV2mlsdKh13QyFxbeFP+vdVCAi3ilzM2xK1jRRQRSgjnmsTgYPFyee3lFnOToa3MnS33LYdbEP2CCuK5/tA==",
      "requires": {
        "@antv/f2": "^4.0.46",
        "@babel/runtime": "^7.12.5"
      }
    },
    "@antv/scale": {
      "version": "0.3.18",
      "resolved": "https://registry.npmmirror.com/@antv/scale/-/scale-0.3.18.tgz",
      "integrity": "sha512-GHwE6Lo7S/Q5fgaLPaCsW+CH+3zl4aXpnN1skOiEY0Ue9/u+s2EySv6aDXYkAqs//i0uilMDD/0/4n8caX9U9w==",
      "requires": {
        "@antv/util": "~2.0.3",
        "fecha": "~4.2.0",
        "tslib": "^2.0.0"
      },
      "dependencies": {
        "tslib": {
          "version": "2.5.3",
          "resolved": "https://registry.npmmirror.com/tslib/-/tslib-2.5.3.tgz",
          "integrity": "sha512-mSxlJJwl3BMEQCUNnxXBU9jP4JBktcEGhURcPR6VQVlnP0FdDEsIaz0C35dXNGLyRfrATNofF0F5p2KPxQgB+w=="
        }
      }
    },
    "@antv/util": {
      "version": "2.0.17",
      "resolved": "https://registry.npmmirror.com/@antv/util/-/util-2.0.17.tgz",
      "integrity": "sha512-o6I9hi5CIUvLGDhth0RxNSFDRwXeywmt6ExR4+RmVAzIi48ps6HUy+svxOCayvrPBN37uE6TAc2KDofRo0nK9Q==",
      "requires": {
        "csstype": "^3.0.8",
        "tslib": "^2.0.3"
      },
      "dependencies": {
        "tslib": {
          "version": "2.5.3",
          "resolved": "https://registry.npmmirror.com/tslib/-/tslib-2.5.3.tgz",
          "integrity": "sha512-mSxlJJwl3BMEQCUNnxXBU9jP4JBktcEGhURcPR6VQVlnP0FdDEsIaz0C35dXNGLyRfrATNofF0F5p2KPxQgB+w=="
        }
      }
    },
    "@babel/runtime": {
      "version": "7.22.5",
      "resolved": "https://registry.npmmirror.com/@babel/runtime/-/runtime-7.22.5.tgz",
      "integrity": "sha512-ecjvYlnAaZ/KVneE/OdKYBYfgXV3Ptu6zQWmgEF7vwKhQnvVS6bjMD2XYgj+SNvQ1GfK/pjgokfPkC/2CO8CuA==",
      "requires": {
        "regenerator-runtime": "^0.13.11"
      }
    },
    "csstype": {
      "version": "3.1.2",
      "resolved": "https://registry.npmmirror.com/csstype/-/csstype-3.1.2.tgz",
      "integrity": "sha512-I7K1Uu0MBPzaFKg4nI5Q7Vs2t+3gWWW648spaF+Rg7pI9ds18Ugn+lvg4SHczUdKlHI5LWBXyqfS8+DufyBsgQ=="
    },
    "d3-cloud": {
      "version": "1.2.5",
      "resolved": "https://registry.npmmirror.com/d3-cloud/-/d3-cloud-1.2.5.tgz",
      "integrity": "sha512-4s2hXZgvs0CoUIw31oBAGrHt9Kt/7P9Ik5HIVzISFiWkD0Ga2VLAuO/emO/z1tYIpE7KG2smB4PhMPfFMJpahw==",
      "requires": {
        "d3-dispatch": "^1.0.3"
      }
    },
    "d3-dispatch": {
      "version": "1.0.6",
      "resolved": "https://registry.npmmirror.com/d3-dispatch/-/d3-dispatch-1.0.6.tgz",
      "integrity": "sha512-fVjoElzjhCEy+Hbn8KygnmMS7Or0a9sI2UzGwoB7cCtvI1XpVN9GpoYlnb3xt2YV66oXYb1fLJ8GMvP4hdU1RA=="
    },
    "fecha": {
      "version": "4.2.3",
      "resolved": "https://registry.npmmirror.com/fecha/-/fecha-4.2.3.tgz",
      "integrity": "sha512-OP2IUU6HeYKJi3i0z4A19kHMQoLVs4Hc+DPqqxI2h/DPZHTm/vjsfC6P0b4jCMy14XizLBqvndQ+UilD7707Jw=="
    },
    "regenerator-runtime": {
      "version": "0.13.11",
      "resolved": "https://registry.npmmirror.com/regenerator-runtime/-/regenerator-runtime-0.13.11.tgz",
      "integrity": "sha512-kY1AZVr2Ra+t+piVaJ4gxaFaReZVH40AKNo7UCX6W+dEwBo/2oZJzqfuN1qLq1oL45o56cPaTXELwrTh8Fpggg=="
    },
    "tslib": {
      "version": "1.14.1",
      "resolved": "https://registry.npmmirror.com/tslib/-/tslib-1.14.1.tgz",
      "integrity": "sha512-Xni35NKzjgMrwevysHTCArtLDpPvye8zV/0E4EyYn43P7/7qvQwPh9BGkHewbMulVntbigmcT7rdX3BNo9wRJg=="
    }
  }
}
